
Microsoft Visual Studio Solution File, Format Version 12.00
# Visual Studio Version 16
VisualStudioVersion = 16.0.30204.135
MinimumVisualStudioVersion = 10.0.40219.1
Project("{9A19103F-16F7-4668-BE54-9A1E7A4F7556}") = "EmployeesAngular", "EmployeesAngular\EmployeesAngular.csproj", "{6E19C930-0726-46C1-A06F-9139BEEA483A}"
EndProject
Global
	GlobalSection(SolutionConfigurationPlatforms) = preSolution
		Debug|Any CPU = Debug|Any CPU
		Release|Any CPU = Release|Any CPU
	EndGlobalSection
	GlobalSection(ProjectConfigurationPlatforms) = postSolution
		{6E19C930-0726-46C1-A06F-9139BEEA483A}.Debug|Any CPU.ActiveCfg = Debug|Any CPU
		{6E19C930-0726-46C1-A06F-9139BEEA483A}.Debug|Any CPU.Build.0 = Debug|Any CPU
		{6E19C930-0726-46C1-A06F-9139BEEA483A}.Release|Any CPU.ActiveCfg = Release|Any CPU
		{6E19C930-0726-46C1-A06F-9139BEEA483A}.Release|Any CPU.Build.0 = Release|Any CPU
	EndGlobalSection
	GlobalSection(SolutionProperties) = preSolution
		HideSolutionNode = FALSE
	EndGlobalSection
	GlobalSection(ExtensibilityGlobals) = postSolution
		SolutionGuid = {C3ABD409-F36B-42CF-B6B5-BFB7066637A6}
	EndGlobalSection
EndGlobal
